
Microsoft Visual Studio Solution File, Format Version 12.00
# Visual Studio Version 17
VisualStudioVersion = 17.4.33103.184
MinimumVisualStudioVersion = 10.0.40219.1
Project("{FAE04EC0-301F-11D3-BF4B-00C04F79EFBC}") = "MortenToDo", "MortenToDo\MortenToDo.csproj", "{3BDDE153-69B5-4C58-9B96-7C033A5E0B3A}"
EndProject
Global
	GlobalSection(SolutionConfigurationPlatforms) = preSolution
		Debug|Any CPU = Debug|Any CPU
		Release|Any CPU = Release|Any CPU
	EndGlobalSection
	GlobalSection(ProjectConfigurationPlatforms) = postSolution
		{3BDDE153-69B5-4C58-9B96-7C033A5E0B3A}.Debug|Any CPU.ActiveCfg = Debug|Any CPU
		{3BDDE153-69B5-4C58-9B96-7C033A5E0B3A}.Debug|Any CPU.Build.0 = Debug|Any CPU
		{3BDDE153-69B5-4C58-9B96-7C033A5E0B3A}.Release|Any CPU.ActiveCfg = Release|Any CPU
		{3BDDE153-69B5-4C58-9B96-7C033A5E0B3A}.Release|Any CPU.Build.0 = Release|Any CPU
	EndGlobalSection
	GlobalSection(SolutionProperties) = preSolution
		HideSolutionNode = FALSE
	EndGlobalSection
	GlobalSection(ExtensibilityGlobals) = postSolution
		SolutionGuid = {B461F0DB-2777-4F36-86B1-9370FEE89C41}
	EndGlobalSection
EndGlobal
